// !$*UTF8*$!
{
	archiveVersion = 1;
	classes = {
	};
	objectVersion = 55;
	objects = {

/* Begin PBXBuildFile section */
		B14AEF2B27FDBD63009DFC9B /* AppDelegate.swift in Sources */ = {isa = PBXBuildFile; fileRef = B14AEF2A27FDBD63009DFC9B /* AppDelegate.swift */; };
		B14AEF2D27FDBD63009DFC9B /* SceneDelegate.swift in Sources */ = {isa = PBXBuildFile; fileRef = B14AEF2C27FDBD63009DFC9B /* SceneDelegate.swift */; };
		B14AEF2F27FDBD63009DFC9B /* ViewController.swift in Sources */ = {isa = PBXBuildFile; fileRef = B14AEF2E27FDBD63009DFC9B /* ViewController.swift */; };
		B14AEF3227FDBD63009DFC9B /* Main.storyboard in Resources */ = {isa = PBXBuildFile; fileRef = B14AEF3027FDBD63009DFC9B /* Main.storyboard */; };
		B14AEF3427FDBD67009DFC9B /* Assets.xcassets in Resources */ = {isa = PBXBuildFile; fileRef = B14AEF3327FDBD67009DFC9B /* Assets.xcassets */; };
		B14AEF3727FDBD67009DFC9B /* LaunchScreen.storyboard in Resources */ = {isa = PBXBuildFile; fileRef = B14AEF3527FDBD67009DFC9B /* LaunchScreen.storyboard */; };
		B14AEF4227FDBD67009DFC9B /* CalculatorTests.swift in Sources */ = {isa = PBXBuildFile; fileRef = B14AEF4127FDBD67009DFC9B /* CalculatorTests.swift */; };
		B14AEF4C27FDBD67009DFC9B /* CalculatorUITests.swift in Sources */ = {isa = PBXBuildFile; fileRef = B14AEF4B27FDBD67009DFC9B /* CalculatorUITests.swift */; };
		B14AEF4E27FDBD67009DFC9B /* CalculatorUITestsLaunchTests.swift in Sources */ = {isa = PBXBuildFile; fileRef = B14AEF4D27FDBD67009DFC9B /* CalculatorUITestsLaunchTests.swift */; };
		B14AEF5B27FDBF5E009DFC9B /* Models.swift in Sources */ = {isa = PBXBuildFile; fileRef = B14AEF5A27FDBF5E009DFC9B /* Models.swift */; };
		B14AEF5D27FDCF2E009DFC9B /* CollectionViewCell.swift in Sources */ = {isa = PBXBuildFile; fileRef = B14AEF5C27FDCF2E009DFC9B /* CollectionViewCell.swift */; };
		B14AEF5F27FDCF3B009DFC9B /* Calculator.swift in Sources */ = {isa = PBXBuildFile; fileRef = B14AEF5E27FDCF3B009DFC9B /* Calculator.swift */; };
		B1A768F127FED4E600751666 /* Views.swift in Sources */ = {isa = PBXBuildFile; fileRef = B1A768F027FED4E600751666 /* Views.swift */; };
/* End PBXBuildFile section */

/* Begin PBXContainerItemProxy section */
		B14AEF3E27FDBD67009DFC9B /* PBXContainerItemProxy */ = {
			isa = PBXContainerItemProxy;
			containerPortal = B14AEF1F27FDBD63009DFC9B /* Project object */;
			proxyType = 1;
			remoteGlobalIDString = B14AEF2627FDBD63009DFC9B;
			remoteInfo = Calculator;
		};
		B14AEF4827FDBD67009DFC9B /* PBXContainerItemProxy */ = {
			isa = PBXContainerItemProxy;
			containerPortal = B14AEF1F27FDBD63009DFC9B /* Project object */;
			proxyType = 1;
			remoteGlobalIDString = B14AEF2627FDBD63009DFC9B;
			remoteInfo = Calculator;
		};
/* End PBXContainerItemProxy section */

/* Begin PBXFileReference section */
		B14AEF2727FDBD63009DFC9B /* Calculator.app */ = {isa = PBXFileReference; explicitFileType = wrapper.application; includeInIndex = 0; path = Calculator.app; sourceTree = BUILT_PRODUCTS_DIR; };
		B14AEF2A27FDBD63009DFC9B /* AppDelegate.swift */ = {isa = PBXFileReference; lastKnownFileType = sourcecode.swift; path = AppDelegate.swift; sourceTree = "<group>"; };
		B14AEF2C27FDBD63009DFC9B /* SceneDelegate.swift */ = {isa = PBXFileReference; lastKnownFileType = sourcecode.swift; path = SceneDelegate.swift; sourceTree = "<group>"; };
		B14AEF2E27FDBD63009DFC9B /* ViewController.swift */ = {isa = PBXFileReference; lastKnownFileType = sourcecode.swift; path = ViewController.swift; sourceTree = "<group>"; };
		B14AEF3127FDBD63009DFC9B /* Base */ = {isa = PBXFileReference; lastKnownFileType = file.storyboard; name = Base; path = Base.lproj/Main.storyboard; sourceTree = "<group>"; };
		B14AEF3327FDBD67009DFC9B /* Assets.xcassets */ = {isa = PBXFileReference; lastKnownFileType = folder.assetcatalog; path = Assets.xcassets; sourceTree = "<group>"; };
		B14AEF3627FDBD67009DFC9B /* Base */ = {isa = PBXFileReference; lastKnownFileType = file.storyboard; name = Base; path = Base.lproj/LaunchScreen.storyboard; sourceTree = "<group>"; };
		B14AEF3827FDBD67009DFC9B /* Info.plist */ = {isa = PBXFileReference; lastKnownFileType = text.plist.xml; path = Info.plist; sourceTree = "<group>"; };
		B14AEF3D27FDBD67009DFC9B /* CalculatorTests.xctest */ = {isa = PBXFileReference; explicitFileType = wrapper.cfbundle; includeInIndex = 0; path = CalculatorTests.xctest; sourceTree = BUILT_PRODUCTS_DIR; };
		B14AEF4127FDBD67009DFC9B /* CalculatorTests.swift */ = {isa = PBXFileReference; lastKnownFileType = sourcecode.swift; path = CalculatorTests.swift; sourceTree = "<group>"; };
		B14AEF4727FDBD67009DFC9B /* CalculatorUITests.xctest */ = {isa = PBXFileReference; explicitFileType = wrapper.cfbundle; includeInIndex = 0; path = CalculatorUITests.xctest; sourceTree = BUILT_PRODUCTS_DIR; };
		B14AEF4B27FDBD67009DFC9B /* CalculatorUITests.swift */ = {isa = PBXFileReference; lastKnownFileType = sourcecode.swift; path = CalculatorUITests.swift; sourceTree = "<group>"; };
		B14AEF4D27FDBD67009DFC9B /* CalculatorUITestsLaunchTests.swift */ = {isa = PBXFileReference; lastKnownFileType = sourcecode.swift; path = CalculatorUITestsLaunchTests.swift; sourceTree = "<group>"; };
		B14AEF5A27FDBF5E009DFC9B /* Models.swift */ = {isa = PBXFileReference; lastKnownFileType = sourcecode.swift; path = Models.swift; sourceTree = "<group>"; };
		B14AEF5C27FDCF2E009DFC9B /* CollectionViewCell.swift */ = {isa = PBXFileReference; lastKnownFileType = sourcecode.swift; path = CollectionViewCell.swift; sourceTree = "<group>"; };
		B14AEF5E27FDCF3B009DFC9B /* Calculator.swift */ = {isa = PBXFileReference; lastKnownFileType = sourcecode.swift; path = Calculator.swift; sourceTree = "<group>"; };
		B1A768F027FED4E600751666 /* Views.swift */ = {isa = PBXFileReference; lastKnownFileType = sourcecode.swift; path = Views.swift; sourceTree = "<group>"; };
/* End PBXFileReference section */

/* Begin PBXFrameworksBuildPhase section */
		B14AEF2427FDBD63009DFC9B /* Frameworks */ = {
			isa = PBXFrameworksBuildPhase;
			buildActionMask = 2147483647;
			files = (
			);
			runOnlyForDeploymentPostprocessing = 0;
		};
		B14AEF3A27FDBD67009DFC9B /* Frameworks */ = {
			isa = PBXFrameworksBuildPhase;
			buildActionMask = 2147483647;
			files = (
			);
			runOnlyForDeploymentPostprocessing = 0;
		};
		B14AEF4427FDBD67009DFC9B /* Frameworks */ = {
			isa = PBXFrameworksBuildPhase;
			buildActionMask = 2147483647;
			files = (
			);
			runOnlyForDeploymentPostprocessing = 0;
		};
/* End PBXFrameworksBuildPhase section */

/* Begin PBXGroup section */
		B14AEF1E27FDBD63009DFC9B = {
			isa = PBXGroup;
			children = (
				B14AEF2927FDBD63009DFC9B /* Calculator */,
				B14AEF4027FDBD67009DFC9B /* CalculatorTests */,
				B14AEF4A27FDBD67009DFC9B /* CalculatorUITests */,
				B14AEF2827FDBD63009DFC9B /* Products */,
			);
			sourceTree = "<group>";
		};
		B14AEF2827FDBD63009DFC9B /* Products */ = {
			isa = PBXGroup;
			children = (
				B14AEF2727FDBD63009DFC9B /* Calculator.app */,
				B14AEF3D27FDBD67009DFC9B /* CalculatorTests.xctest */,
				B14AEF4727FDBD67009DFC9B /* CalculatorUITests.xctest */,
			);
			name = Products;
			sourceTree = "<group>";
		};
		B14AEF2927FDBD63009DFC9B /* Calculator */ = {
			isa = PBXGroup;
			children = (
				B1A768F327FEECC700751666 /* Storyboards */,
				B1A768F227FEECB900751666 /* Media */,
				B1A768EF27FED3B000751666 /* Views */,
				B1A768EE27FED39A00751666 /* Utilities */,
				B178E7B427FDD03000F1934D /* Model */,
				B14AEF6027FDCF3E009DFC9B /* Controllers */,
				B14AEF2A27FDBD63009DFC9B /* AppDelegate.swift */,
				B14AEF2C27FDBD63009DFC9B /* SceneDelegate.swift */,
				B14AEF3827FDBD67009DFC9B /* Info.plist */,
			);
			path = Calculator;
			sourceTree = "<group>";
		};
		B14AEF4027FDBD67009DFC9B /* CalculatorTests */ = {
			isa = PBXGroup;
			children = (
				B14AEF4127FDBD67009DFC9B /* CalculatorTests.swift */,
			);
			path = CalculatorTests;
			sourceTree = "<group>";
		};
		B14AEF4A27FDBD67009DFC9B /* CalculatorUITests */ = {
			isa = PBXGroup;
			children = (
				B14AEF4B27FDBD67009DFC9B /* CalculatorUITests.swift */,
				B14AEF4D27FDBD67009DFC9B /* CalculatorUITestsLaunchTests.swift */,
			);
			path = CalculatorUITests;
			sourceTree = "<group>";
		};
		B14AEF6027FDCF3E009DFC9B /* Controllers */ = {
			isa = PBXGroup;
			children = (
				B14AEF2E27FDBD63009DFC9B /* ViewController.swift */,
			);
			path = Controllers;
			sourceTree = "<group>";
		};
		B178E7B427FDD03000F1934D /* Model */ = {
			isa = PBXGroup;
			children = (
				B14AEF5A27FDBF5E009DFC9B /* Models.swift */,
			);
			path = Model;
			sourceTree = "<group>";
		};
		B1A768EE27FED39A00751666 /* Utilities */ = {
			isa = PBXGroup;
			children = (
				B14AEF5E27FDCF3B009DFC9B /* Calculator.swift */,
			);
			path = Utilities;
			sourceTree = "<group>";
		};
		B1A768EF27FED3B000751666 /* Views */ = {
			isa = PBXGroup;
			children = (
				B14AEF5C27FDCF2E009DFC9B /* CollectionViewCell.swift */,
				B1A768F027FED4E600751666 /* Views.swift */,
			);
			path = Views;
			sourceTree = "<group>";
		};
		B1A768F227FEECB900751666 /* Media */ = {
			isa = PBXGroup;
			children = (
				B14AEF3327FDBD67009DFC9B /* Assets.xcassets */,
			);
			path = Media;
			sourceTree = "<group>";
		};
		B1A768F327FEECC700751666 /* Storyboards */ = {
			isa = PBXGroup;
			children = (
				B14AEF3027FDBD63009DFC9B /* Main.storyboard */,
				B14AEF3527FDBD67009DFC9B /* LaunchScreen.storyboard */,
			);
			path = Storyboards;
			sourceTree = "<group>";
		};
/* End PBXGroup section */

/* Begin PBXNativeTarget section */
		B14AEF2627FDBD63009DFC9B /* Calculator */ = {
			isa = PBXNativeTarget;
			buildConfigurationList = B14AEF5127FDBD67009DFC9B /* Build configuration list for PBXNativeTarget "Calculator" */;
			buildPhases = (
				B14AEF2327FDBD63009DFC9B /* Sources */,
				B14AEF2427FDBD63009DFC9B /* Frameworks */,
				B14AEF2527FDBD63009DFC9B /* Resources */,
			);
			buildRules = (
			);
			dependencies = (
			);
			name = Calculator;
			productName = Calculator;
			productReference = B14AEF2727FDBD63009DFC9B /* Calculator.app */;
			productType = "com.apple.product-type.application";
		};
		B14AEF3C27FDBD67009DFC9B /* CalculatorTests */ = {
			isa = PBXNativeTarget;
			buildConfigurationList = B14AEF5427FDBD67009DFC9B /* Build configuration list for PBXNativeTarget "CalculatorTests" */;
			buildPhases = (
				B14AEF3927FDBD67009DFC9B /* Sources */,
				B14AEF3A27FDBD67009DFC9B /* Frameworks */,
				B14AEF3B27FDBD67009DFC9B /* Resources */,
			);
			buildRules = (
			);
			dependencies = (
				B14AEF3F27FDBD67009DFC9B /* PBXTargetDependency */,
			);
			name = CalculatorTests;
			productName = CalculatorTests;
			productReference = B14AEF3D27FDBD67009DFC9B /* CalculatorTests.xctest */;
			productType = "com.apple.product-type.bundle.unit-test";
		};
		B14AEF4627FDBD67009DFC9B /* CalculatorUITests */ = {
			isa = PBXNativeTarget;
			buildConfigurationList = B14AEF5727FDBD67009DFC9B /* Build configuration list for PBXNativeTarget "CalculatorUITests" */;
			buildPhases = (
				B14AEF4327FDBD67009DFC9B /* Sources */,
				B14AEF4427FDBD67009DFC9B /* Frameworks */,
				B14AEF4527FDBD67009DFC9B /* Resources */,
			);
			buildRules = (
			);
			dependencies = (
				B14AEF4927FDBD67009DFC9B /* PBXTargetDependency */,
			);
			name = CalculatorUITests;
			productName = CalculatorUITests;
			productReference = B14AEF4727FDBD67009DFC9B /* CalculatorUITests.xctest */;
			productType = "com.apple.product-type.bundle.ui-testing";
		};
/* End PBXNativeTarget section */

/* Begin PBXProject section */
		B14AEF1F27FDBD63009DFC9B /* Project object */ = {
			isa = PBXProject;
			attributes = {
				BuildIndependentTargetsInParallel = 1;
				LastSwiftUpdateCheck = 1330;
				LastUpgradeCheck = 1330;
				TargetAttributes = {
					B14AEF2627FDBD63009DFC9B = {
						CreatedOnToolsVersion = 13.3;
					};
					B14AEF3C27FDBD67009DFC9B = {
						CreatedOnToolsVersion = 13.3;
						TestTargetID = B14AEF2627FDBD63009DFC9B;
					};
					B14AEF4627FDBD67009DFC9B = {
						CreatedOnToolsVersion = 13.3;
						TestTargetID = B14AEF2627FDBD63009DFC9B;
					};
				};
			};
			buildConfigurationList = B14AEF2227FDBD63009DFC9B /* Build configuration list for PBXProject "Calculator" */;
			compatibilityVersion = "Xcode 13.0";
			developmentRegion = en;
			hasScannedForEncodings = 0;
			knownRegions = (
				en,
				Base,
			);
			mainGroup = B14AEF1E27FDBD63009DFC9B;
			productRefGroup = B14AEF2827FDBD63009DFC9B /* Products */;
			projectDirPath = "";
			projectRoot = "";
			targets = (
				B14AEF2627FDBD63009DFC9B /* Calculator */,
				B14AEF3C27FDBD67009DFC9B /* CalculatorTests */,
				B14AEF4627FDBD67009DFC9B /* CalculatorUITests */,
			);
		};
/* End PBXProject section */

/* Begin PBXResourcesBuildPhase section */
		B14AEF2527FDBD63009DFC9B /* Resources */ = {
			isa = PBXResourcesBuildPhase;
			buildActionMask = 2147483647;
			files = (
				B14AEF3727FDBD67009DFC9B /* LaunchScreen.storyboard in Resources */,
				B14AEF3427FDBD67009DFC9B /* Assets.xcassets in Resources */,
				B14AEF3227FDBD63009DFC9B /* Main.storyboard in Resources */,
			);
			runOnlyForDeploymentPostprocessing = 0;
		};
		B14AEF3B27FDBD67009DFC9B /* Resources */ = {
			isa = PBXResourcesBuildPhase;
			buildActionMask = 2147483647;
			files = (
			);
			runOnlyForDeploymentPostprocessing = 0;
		};
		B14AEF4527FDBD67009DFC9B /* Resources */ = {
			isa = PBXResourcesBuildPhase;
			buildActionMask = 2147483647;
			files = (
			);
			runOnlyForDeploymentPostprocessing = 0;
		};
/* End PBXResourcesBuildPhase section */

/* Begin PBXSourcesBuildPhase section */
		B14AEF2327FDBD63009DFC9B /* Sources */ = {
			isa = PBXSourcesBuildPhase;
			buildActionMask = 2147483647;
			files = (
				B14AEF5D27FDCF2E009DFC9B /* CollectionViewCell.swift in Sources */,
				B14AEF2F27FDBD63009DFC9B /* ViewController.swift in Sources */,
				B14AEF2B27FDBD63009DFC9B /* AppDelegate.swift in Sources */,
				B1A768F127FED4E600751666 /* Views.swift in Sources */,
				B14AEF2D27FDBD63009DFC9B /* SceneDelegate.swift in Sources */,
				B14AEF5B27FDBF5E009DFC9B /* Models.swift in Sources */,
				B14AEF5F27FDCF3B009DFC9B /* Calculator.swift in Sources */,
			);
			runOnlyForDeploymentPostprocessing = 0;
		};
		B14AEF3927FDBD67009DFC9B /* Sources */ = {
			isa = PBXSourcesBuildPhase;
			buildActionMask = 2147483647;
			files = (
				B14AEF4227FDBD67009DFC9B /* CalculatorTests.swift in Sources */,
			);
			runOnlyForDeploymentPostprocessing = 0;
		};
		B14AEF4327FDBD67009DFC9B /* Sources */ = {
			isa = PBXSourcesBuildPhase;
			buildActionMask = 2147483647;
			files = (
				B14AEF4E27FDBD67009DFC9B /* CalculatorUITestsLaunchTests.swift in Sources */,
				B14AEF4C27FDBD67009DFC9B /* CalculatorUITests.swift in Sources */,
			);
			runOnlyForDeploymentPostprocessing = 0;
		};
/* End PBXSourcesBuildPhase section */

/* Begin PBXTargetDependency section */
		B14AEF3F27FDBD67009DFC9B /* PBXTargetDependency */ = {
			isa = PBXTargetDependency;
			target = B14AEF2627FDBD63009DFC9B /* Calculator */;
			targetProxy = B14AEF3E27FDBD67009DFC9B /* PBXContainerItemProxy */;
		};
		B14AEF4927FDBD67009DFC9B /* PBXTargetDependency */ = {
			isa = PBXTargetDependency;
			target = B14AEF2627FDBD63009DFC9B /* Calculator */;
			targetProxy = B14AEF4827FDBD67009DFC9B /* PBXContainerItemProxy */;
		};
/* End PBXTargetDependency section */

/* Begin PBXVariantGroup section */
		B14AEF3027FDBD63009DFC9B /* Main.storyboard */ = {
			isa = PBXVariantGroup;
			children = (
				B14AEF3127FDBD63009DFC9B /* Base */,
			);
			name = Main.storyboard;
			sourceTree = "<group>";
		};
		B14AEF3527FDBD67009DFC9B /* LaunchScreen.storyboard */ = {
			isa = PBXVariantGroup;
			children = (
				B14AEF3627FDBD67009DFC9B /* Base */,
			);
			name = LaunchScreen.storyboard;
			sourceTree = "<group>";
		};
/* End PBXVariantGroup section */

/* Begin XCBuildConfiguration section */
		B14AEF4F27FDBD67009DFC9B /* Debug */ = {
			isa = XCBuildConfiguration;
			buildSettings = {
				ALWAYS_SEARCH_USER_PATHS = NO;
				CLANG_ANALYZER_NONNULL = YES;
				CLANG_ANALYZER_NUMBER_OBJECT_CONVERSION = YES_AGGRESSIVE;
				CLANG_CXX_LANGUAGE_STANDARD = "gnu++17";
				CLANG_ENABLE_MODULES = YES;
				CLANG_ENABLE_OBJC_ARC = YES;
				CLANG_ENABLE_OBJC_WEAK = YES;
				CLANG_WARN_BLOCK_CAPTURE_AUTORELEASING = YES;
				CLANG_WARN_BOOL_CONVERSION = YES;
				CLANG_WARN_COMMA = YES;
				CLANG_WARN_CONSTANT_CONVERSION = YES;
				CLANG_WARN_DEPRECATED_OBJC_IMPLEMENTATIONS = YES;
				CLANG_WARN_DIRECT_OBJC_ISA_USAGE = YES_ERROR;
				CLANG_WARN_DOCUMENTATION_COMMENTS = YES;
				CLANG_WARN_EMPTY_BODY = YES;
				CLANG_WARN_ENUM_CONVERSION = YES;
				CLANG_WARN_INFINITE_RECURSION = YES;
				CLANG_WARN_INT_CONVERSION = YES;
				CLANG_WARN_NON_LITERAL_NULL_CONVERSION = YES;
				CLANG_WARN_OBJC_IMPLICIT_RETAIN_SELF = YES;
				CLANG_WARN_OBJC_LITERAL_CONVERSION = YES;
				CLANG_WARN_OBJC_ROOT_CLASS = YES_ERROR;
				CLANG_WARN_QUOTED_INCLUDE_IN_FRAMEWORK_HEADER = YES;
				CLANG_WARN_RANGE_LOOP_ANALYSIS = YES;
				CLANG_WARN_STRICT_PROTOTYPES = YES;
				CLANG_WARN_SUSPICIOUS_MOVE = YES;
				CLANG_WARN_UNGUARDED_AVAILABILITY = YES_AGGRESSIVE;
				CLANG_WARN_UNREACHABLE_CODE = YES;
				CLANG_WARN__DUPLICATE_METHOD_MATCH = YES;
				COPY_PHASE_STRIP = NO;
				DEBUG_INFORMATION_FORMAT = dwarf;
				ENABLE_STRICT_OBJC_MSGSEND = YES;
				ENABLE_TESTABILITY = YES;
				GCC_C_LANGUAGE_STANDARD = gnu11;
				GCC_DYNAMIC_NO_PIC = NO;
				GCC_NO_COMMON_BLOCKS = YES;
				GCC_OPTIMIZATION_LEVEL = 0;
				GCC_PREPROCESSOR_DEFINITIONS = (
					"DEBUG=1",
					"$(inherited)",
				);
				GCC_WARN_64_TO_32_BIT_CONVERSION = YES;
				GCC_WARN_ABOUT_RETURN_TYPE = YES_ERROR;
				GCC_WARN_UNDECLARED_SELECTOR = YES;
				GCC_WARN_UNINITIALIZED_AUTOS = YES_AGGRESSIVE;
				GCC_WARN_UNUSED_FUNCTION = YES;
				GCC_WARN_UNUSED_VARIABLE = YES;
				IPHONEOS_DEPLOYMENT_TARGET = 15.4;
				MTL_ENABLE_DEBUG_INFO = INCLUDE_SOURCE;
				MTL_FAST_MATH = YES;
				ONLY_ACTIVE_ARCH = YES;
				SDKROOT = iphoneos;
				SWIFT_ACTIVE_COMPILATION_CONDITIONS = DEBUG;
				SWIFT_OPTIMIZATION_LEVEL = "-Onone";
			};
			name = Debug;
		};
		B14AEF5027FDBD67009DFC9B /* Release */ = {
			isa = XCBuildConfiguration;
			buildSettings = {
				ALWAYS_SEARCH_USER_PATHS = NO;
				CLANG_ANALYZER_NONNULL = YES;
				CLANG_ANALYZER_NUMBER_OBJECT_CONVERSION = YES_AGGRESSIVE;
				CLANG_CXX_LANGUAGE_STANDARD = "gnu++17";
				CLANG_ENABLE_MODULES = YES;
				CLANG_ENABLE_OBJC_ARC = YES;
				CLANG_ENABLE_OBJC_WEAK = YES;
				CLANG_WARN_BLOCK_CAPTURE_AUTORELEASING = YES;
				CLANG_WARN_BOOL_CONVERSION = YES;
				CLANG_WARN_COMMA = YES;
				CLANG_WARN_CONSTANT_CONVERSION = YES;
				CLANG_WARN_DEPRECATED_OBJC_IMPLEMENTATIONS = YES;
				CLANG_WARN_DIRECT_OBJC_ISA_USAGE = YES_ERROR;
				CLANG_WARN_DOCUMENTATION_COMMENTS = YES;
				CLANG_WARN_EMPTY_BODY = YES;
				CLANG_WARN_ENUM_CONVERSION = YES;
				CLANG_WARN_INFINITE_RECURSION = YES;
				CLANG_WARN_INT_CONVERSION = YES;
				CLANG_WARN_NON_LITERAL_NULL_CONVERSION = YES;
				CLANG_WARN_OBJC_IMPLICIT_RETAIN_SELF = YES;
				CLANG_WARN_OBJC_LITERAL_CONVERSION = YES;
				CLANG_WARN_OBJC_ROOT_CLASS = YES_ERROR;
				CLANG_WARN_QUOTED_INCLUDE_IN_FRAMEWORK_HEADER = YES;
				CLANG_WARN_RANGE_LOOP_ANALYSIS = YES;
				CLANG_WARN_STRICT_PROTOTYPES = YES;
				CLANG_WARN_SUSPICIOUS_MOVE = YES;
				CLANG_WARN_UNGUARDED_AVAILABILITY = YES_AGGRESSIVE;
				CLANG_WARN_UNREACHABLE_CODE = YES;
				CLANG_WARN__DUPLICATE_METHOD_MATCH = YES;
				COPY_PHASE_STRIP = NO;
				DEBUG_INFORMATION_FORMAT = "dwarf-with-dsym";
				ENABLE_NS_ASSERTIONS = NO;
				ENABLE_STRICT_OBJC_MSGSEND = YES;
				GCC_C_LANGUAGE_STANDARD = gnu11;
				GCC_NO_COMMON_BLOCKS = YES;
				GCC_WARN_64_TO_32_BIT_CONVERSION = YES;
				GCC_WARN_ABOUT_RETURN_TYPE = YES_ERROR;
				GCC_WARN_UNDECLARED_SELECTOR = YES;
				GCC_WARN_UNINITIALIZED_AUTOS = YES_AGGRESSIVE;
				GCC_WARN_UNUSED_FUNCTION = YES;
				GCC_WARN_UNUSED_VARIABLE = YES;
				IPHONEOS_DEPLOYMENT_TARGET = 15.4;
				MTL_ENABLE_DEBUG_INFO = NO;
				MTL_FAST_MATH = YES;
				SDKROOT = iphoneos;
				SWIFT_COMPILATION_MODE = wholemodule;
				SWIFT_OPTIMIZATION_LEVEL = "-O";
				VALIDATE_PRODUCT = YES;
			};
			name = Release;
		};
		B14AEF5227FDBD67009DFC9B /* Debug */ = {
			isa = XCBuildConfiguration;
			buildSettings = {
				ASSETCATALOG_COMPILER_APPICON_NAME = AppIcon;
				ASSETCATALOG_COMPILER_GLOBAL_ACCENT_COLOR_NAME = AccentColor;
				CODE_SIGN_STYLE = Automatic;
				CURRENT_PROJECT_VERSION = 1;
				DEVELOPMENT_TEAM = 8L589BGVFH;
				GENERATE_INFOPLIST_FILE = YES;
				INFOPLIST_FILE = Calculator/Info.plist;
				INFOPLIST_KEY_UIApplicationSupportsIndirectInputEvents = YES;
				INFOPLIST_KEY_UILaunchStoryboardName = LaunchScreen;
				INFOPLIST_KEY_UIMainStoryboardFile = Main;
				INFOPLIST_KEY_UISupportedInterfaceOrientations_iPad = "UIInterfaceOrientationPortrait UIInterfaceOrientationPortraitUpsideDown UIInterfaceOrientationLandscapeLeft UIInterfaceOrientationLandscapeRight";
				INFOPLIST_KEY_UISupportedInterfaceOrientations_iPhone = "UIInterfaceOrientationPortrait UIInterfaceOrientationLandscapeLeft UIInterfaceOrientationLandscapeRight";
				IPHONEOS_DEPLOYMENT_TARGET = 13.0;
				LD_RUNPATH_SEARCH_PATHS = (
					"$(inherited)",
					"@executable_path/Frameworks",
				);
				MARKETING_VERSION = 1.0;
				PRODUCT_BUNDLE_IDENTIFIER = com.softfoundry.Calculator;
				PRODUCT_NAME = "$(TARGET_NAME)";
				SWIFT_EMIT_LOC_STRINGS = YES;
				SWIFT_VERSION = 5.0;
				TARGETED_DEVICE_FAMILY = "1,2";
			};
			name = Debug;
		};
		B14AEF5327FDBD67009DFC9B /* Release */ = {
			isa = XCBuildConfiguration;
			buildSettings = {
				ASSETCATALOG_COMPILER_APPICON_NAME = AppIcon;
				ASSETCATALOG_COMPILER_GLOBAL_ACCENT_COLOR_NAME = AccentColor;
				CODE_SIGN_STYLE = Automatic;
				CURRENT_PROJECT_VERSION = 1;
				DEVELOPMENT_TEAM = 8L589BGVFH;
				GENERATE_INFOPLIST_FILE = YES;
				INFOPLIST_FILE = Calculator/Info.plist;
				INFOPLIST_KEY_UIApplicationSupportsIndirectInputEvents = YES;
				INFOPLIST_KEY_UILaunchStoryboardName = LaunchScreen;
				INFOPLIST_KEY_UIMainStoryboardFile = Main;
				INFOPLIST_KEY_UISupportedInterfaceOrientations_iPad = "UIInterfaceOrientationPortrait UIInterfaceOrientationPortraitUpsideDown UIInterfaceOrientationLandscapeLeft UIInterfaceOrientationLandscapeRight";
				INFOPLIST_KEY_UISupportedInterfaceOrientations_iPhone = "UIInterfaceOrientationPortrait UIInterfaceOrientationLandscapeLeft UIInterfaceOrientationLandscapeRight";
				IPHONEOS_DEPLOYMENT_TARGET = 13.0;
				LD_RUNPATH_SEARCH_PATHS = (
					"$(inherited)",
					"@executable_path/Frameworks",
				);
				MARKETING_VERSION = 1.0;
				PRODUCT_BUNDLE_IDENTIFIER = com.softfoundry.Calculator;
				PRODUCT_NAME = "$(TARGET_NAME)";
				SWIFT_EMIT_LOC_STRINGS = YES;
				SWIFT_VERSION = 5.0;
				TARGETED_DEVICE_FAMILY = "1,2";
			};
			name = Release;
		};
		B14AEF5527FDBD67009DFC9B /* Debug */ = {
			isa = XCBuildConfiguration;
			buildSettings = {
				ALWAYS_EMBED_SWIFT_STANDARD_LIBRARIES = YES;
				BUNDLE_LOADER = "$(TEST_HOST)";
				CODE_SIGN_STYLE = Automatic;
				CURRENT_PROJECT_VERSION = 1;
				DEVELOPMENT_TEAM = 8L589BGVFH;
				GENERATE_INFOPLIST_FILE = YES;
				IPHONEOS_DEPLOYMENT_TARGET = 15.4;
				MARKETING_VERSION = 1.0;
				PRODUCT_BUNDLE_IDENTIFIER = com.softfoundry.CalculatorTests;
				PRODUCT_NAME = "$(TARGET_NAME)";
				SWIFT_EMIT_LOC_STRINGS = NO;
				SWIFT_VERSION = 5.0;
				TARGETED_DEVICE_FAMILY = "1,2";
				TEST_HOST = "$(BUILT_PRODUCTS_DIR)/Calculator.app/Calculator";
			};
			name = Debug;
		};
		B14AEF5627FDBD67009DFC9B /* Release */ = {
			isa = XCBuildConfiguration;
			buildSettings = {
				ALWAYS_EMBED_SWIFT_STANDARD_LIBRARIES = YES;
				BUNDLE_LOADER = "$(TEST_HOST)";
				CODE_SIGN_STYLE = Automatic;
				CURRENT_PROJECT_VERSION = 1;
				DEVELOPMENT_TEAM = 8L589BGVFH;
				GENERATE_INFOPLIST_FILE = YES;
				IPHONEOS_DEPLOYMENT_TARGET = 15.4;
				MARKETING_VERSION = 1.0;
				PRODUCT_BUNDLE_IDENTIFIER = com.softfoundry.CalculatorTests;
				PRODUCT_NAME = "$(TARGET_NAME)";
				SWIFT_EMIT_LOC_STRINGS = NO;
				SWIFT_VERSION = 5.0;
				TARGETED_DEVICE_FAMILY = "1,2";
				TEST_HOST = "$(BUILT_PRODUCTS_DIR)/Calculator.app/Calculator";
			};
			name = Release;
		};
		B14AEF5827FDBD67009DFC9B /* Debug */ = {
			isa = XCBuildConfiguration;
			buildSettings = {
				ALWAYS_EMBED_SWIFT_STANDARD_LIBRARIES = YES;
				CODE_SIGN_STYLE = Automatic;
				CURRENT_PROJECT_VERSION = 1;
				DEVELOPMENT_TEAM = 8L589BGVFH;
				GENERATE_INFOPLIST_FILE = YES;
				MARKETING_VERSION = 1.0;
				PRODUCT_BUNDLE_IDENTIFIER = com.softfoundry.CalculatorUITests;
				PRODUCT_NAME = "$(TARGET_NAME)";
				SWIFT_EMIT_LOC_STRINGS = NO;
				SWIFT_VERSION = 5.0;
				TARGETED_DEVICE_FAMILY = "1,2";
				TEST_TARGET_NAME = Calculator;
			};
			name = Debug;
		};
		B14AEF5927FDBD67009DFC9B /* Release */ = {
			isa = XCBuildConfiguration;
			buildSettings = {
				ALWAYS_EMBED_SWIFT_STANDARD_LIBRARIES = YES;
				CODE_SIGN_STYLE = Automatic;
				CURRENT_PROJECT_VERSION = 1;
				DEVELOPMENT_TEAM = 8L589BGVFH;
				GENERATE_INFOPLIST_FILE = YES;
				MARKETING_VERSION = 1.0;
				PRODUCT_BUNDLE_IDENTIFIER = com.softfoundry.CalculatorUITests;
				PRODUCT_NAME = "$(TARGET_NAME)";
				SWIFT_EMIT_LOC_STRINGS = NO;
				SWIFT_VERSION = 5.0;
				TARGETED_DEVICE_FAMILY = "1,2";
				TEST_TARGET_NAME = Calculator;
			};
			name = Release;
		};
/* End XCBuildConfiguration section */

/* Begin XCConfigurationList section */
		B14AEF2227FDBD63009DFC9B /* Build configuration list for PBXProject "Calculator" */ = {
			isa = XCConfigurationList;
			buildConfigurations = (
				B14AEF4F27FDBD67009DFC9B /* Debug */,
				B14AEF5027FDBD67009DFC9B /* Release */,
			);
			defaultConfigurationIsVisible = 0;
			defaultConfigurationName = Release;
		};
		B14AEF5127FDBD67009DFC9B /* Build configuration list for PBXNativeTarget "Calculator" */ = {
			isa = XCConfigurationList;
			buildConfigurations = (
				B14AEF5227FDBD67009DFC9B /* Debug */,
				B14AEF5327FDBD67009DFC9B /* Release */,
			);
			defaultConfigurationIsVisible = 0;
			defaultConfigurationName = Release;
		};
		B14AEF5427FDBD67009DFC9B /* Build configuration list for PBXNativeTarget "CalculatorTests" */ = {
			isa = XCConfigurationList;
			buildConfigurations = (
				B14AEF5527FDBD67009DFC9B /* Debug */,
				B14AEF5627FDBD67009DFC9B /* Release */,
			);
			defaultConfigurationIsVisible = 0;
			defaultConfigurationName = Release;
		};
		B14AEF5727FDBD67009DFC9B /* Build configuration list for PBXNativeTarget "CalculatorUITests" */ = {
			isa = XCConfigurationList;
			buildConfigurations = (
				B14AEF5827FDBD67009DFC9B /* Debug */,
				B14AEF5927FDBD67009DFC9B /* Release */,
			);
			defaultConfigurationIsVisible = 0;
			defaultConfigurationName = Release;
		};
/* End XCConfigurationList section */
	};
	rootObject = B14AEF1F27FDBD63009DFC9B /* Project object */;
}
